// !$*UTF8*$!
{
	archiveVersion = 1;
	classes = {
	};
	objectVersion = 46;
	objects = {

/* Begin PBXBuildFile section */
		465B4AFA1DAA1D6900E65AF9 /* Main.storyboard in Resources */ = {isa = PBXBuildFile; fileRef = 465B4AF91DAA1D6900E65AF9 /* Main.storyboard */; };
		465B4AFE1DAAA5CD00E65AF9 /* ContactListTextField.m in Sources */ = {isa = PBXBuildFile; fileRef = 465B4AFD1DAAA5CD00E65AF9 /* ContactListTextField.m */; };
		465B4B041DAAB18D00E65AF9 /* RegisterViewController.m in Sources */ = {isa = PBXBuildFile; fileRef = 465B4B031DAAB18D00E65AF9 /* RegisterViewController.m */; };
		465B4B1C1DAAC7BE00E65AF9 /* A0SimpleKeychain.m in Sources */ = {isa = PBXBuildFile; fileRef = 465B4B1B1DAAC7BE00E65AF9 /* A0SimpleKeychain.m */; };
		465B4B201DAADBF200E65AF9 /* ProfileViewController.m in Sources */ = {isa = PBXBuildFile; fileRef = 465B4B1F1DAADBF200E65AF9 /* ProfileViewController.m */; };
		465B4B231DAADD5000E65AF9 /* LoginViewController.m in Sources */ = {isa = PBXBuildFile; fileRef = 465B4B221DAADD5000E65AF9 /* LoginViewController.m */; };
		465B4B271DAAFE0900E65AF9 /* AuthApiUtil.m in Sources */ = {isa = PBXBuildFile; fileRef = 465B4B261DAAFE0900E65AF9 /* AuthApiUtil.m */; };
		465B4B2A1DAB028200E65AF9 /* ApiUtil.m in Sources */ = {isa = PBXBuildFile; fileRef = 465B4B291DAB028200E65AF9 /* ApiUtil.m */; };
		465B4B301DAB232200E65AF9 /* QuoteItViewController.m in Sources */ = {isa = PBXBuildFile; fileRef = 465B4B2F1DAB232200E65AF9 /* QuoteItViewController.m */; };
		465B4B341DAB27F700E65AF9 /* FeedViewController.m in Sources */ = {isa = PBXBuildFile; fileRef = 465B4B331DAB27F700E65AF9 /* FeedViewController.m */; };
		465B4B381DAB29CF00E65AF9 /* MyTabsController.m in Sources */ = {isa = PBXBuildFile; fileRef = 465B4B371DAB29CF00E65AF9 /* MyTabsController.m */; };
		465B4B3D1DAB344B00E65AF9 /* AboveKeyBoardView.m in Sources */ = {isa = PBXBuildFile; fileRef = 465B4B3C1DAB344B00E65AF9 /* AboveKeyBoardView.m */; };
		465B4B411DAB3C8700E65AF9 /* QuoteItDetailViewController.m in Sources */ = {isa = PBXBuildFile; fileRef = 465B4B401DAB3C8700E65AF9 /* QuoteItDetailViewController.m */; };
		46658A5B1DA9E3260043F2DC /* main.m in Sources */ = {isa = PBXBuildFile; fileRef = 46658A5A1DA9E3260043F2DC /* main.m */; };
		46658A5E1DA9E3260043F2DC /* AppDelegate.m in Sources */ = {isa = PBXBuildFile; fileRef = 46658A5D1DA9E3260043F2DC /* AppDelegate.m */; };
		46658A661DA9E3260043F2DC /* Assets.xcassets in Resources */ = {isa = PBXBuildFile; fileRef = 46658A651DA9E3260043F2DC /* Assets.xcassets */; };
		46658A691DA9E3260043F2DC /* LaunchScreen.storyboard in Resources */ = {isa = PBXBuildFile; fileRef = 46658A671DA9E3260043F2DC /* LaunchScreen.storyboard */; };
		46658A721DA9E7430043F2DC /* ContactBook.m in Sources */ = {isa = PBXBuildFile; fileRef = 46658A711DA9E7430043F2DC /* ContactBook.m */; };
		46A4B37E1DACBA5300109926 /* Contact.m in Sources */ = {isa = PBXBuildFile; fileRef = 46A4B37D1DACBA5300109926 /* Contact.m */; };
		46A4B3831DACCE8700109926 /* SearchButton.m in Sources */ = {isa = PBXBuildFile; fileRef = 46A4B3821DACCE8700109926 /* SearchButton.m */; };
		46A4B3891DADAD4100109926 /* QuotesApiUtil.m in Sources */ = {isa = PBXBuildFile; fileRef = 46A4B3881DADAD4100109926 /* QuotesApiUtil.m */; };
		46A4B38E1DAEF99B00109926 /* Quote.m in Sources */ = {isa = PBXBuildFile; fileRef = 46A4B38D1DAEF99B00109926 /* Quote.m */; };
		46A4B3971DAF092000109926 /* QuoteTableViewCell.m in Sources */ = {isa = PBXBuildFile; fileRef = 46A4B3951DAF092000109926 /* QuoteTableViewCell.m */; };
		46A4B3981DAF092000109926 /* QuoteTableViewCell.xib in Resources */ = {isa = PBXBuildFile; fileRef = 46A4B3961DAF092000109926 /* QuoteTableViewCell.xib */; };
		46A4B39F1DB06D4200109926 /* SearchView.m in Sources */ = {isa = PBXBuildFile; fileRef = 46A4B39E1DB06D4200109926 /* SearchView.m */; };
		46AD348E1DAB6B0700D3EA61 /* QTSButton.m in Sources */ = {isa = PBXBuildFile; fileRef = 46AD348D1DAB6B0700D3EA61 /* QTSButton.m */; };
		46AD34911DAB6C7200D3EA61 /* QTSTextField.m in Sources */ = {isa = PBXBuildFile; fileRef = 46AD34901DAB6C7200D3EA61 /* QTSTextField.m */; };
		46AD34941DAB7C6E00D3EA61 /* QuoteView.m in Sources */ = {isa = PBXBuildFile; fileRef = 46AD34931DAB7C6E00D3EA61 /* QuoteView.m */; };
/* End PBXBuildFile section */

/* Begin PBXFileReference section */
		465B4AF91DAA1D6900E65AF9 /* Main.storyboard */ = {isa = PBXFileReference; fileEncoding = 4; lastKnownFileType = file.storyboard; name = Main.storyboard; path = ../Main.storyboard; sourceTree = "<group>"; };
		465B4AFC1DAAA5CD00E65AF9 /* ContactListTextField.h */ = {isa = PBXFileReference; fileEncoding = 4; lastKnownFileType = sourcecode.c.h; path = ContactListTextField.h; sourceTree = "<group>"; };
		465B4AFD1DAAA5CD00E65AF9 /* ContactListTextField.m */ = {isa = PBXFileReference; fileEncoding = 4; lastKnownFileType = sourcecode.c.objc; path = ContactListTextField.m; sourceTree = "<group>"; };
		465B4B021DAAB18D00E65AF9 /* RegisterViewController.h */ = {isa = PBXFileReference; fileEncoding = 4; lastKnownFileType = sourcecode.c.h; path = RegisterViewController.h; sourceTree = "<group>"; };
		465B4B031DAAB18D00E65AF9 /* RegisterViewController.m */ = {isa = PBXFileReference; fileEncoding = 4; lastKnownFileType = sourcecode.c.objc; path = RegisterViewController.m; sourceTree = "<group>"; };
		465B4B1A1DAAC7BE00E65AF9 /* A0SimpleKeychain.h */ = {isa = PBXFileReference; fileEncoding = 4; lastKnownFileType = sourcecode.c.h; path = A0SimpleKeychain.h; sourceTree = "<group>"; };
		465B4B1B1DAAC7BE00E65AF9 /* A0SimpleKeychain.m */ = {isa = PBXFileReference; fileEncoding = 4; lastKnownFileType = sourcecode.c.objc; path = A0SimpleKeychain.m; sourceTree = "<group>"; };
		465B4B1E1DAADBF200E65AF9 /* ProfileViewController.h */ = {isa = PBXFileReference; fileEncoding = 4; lastKnownFileType = sourcecode.c.h; path = ProfileViewController.h; sourceTree = "<group>"; };
		465B4B1F1DAADBF200E65AF9 /* ProfileViewController.m */ = {isa = PBXFileReference; fileEncoding = 4; lastKnownFileType = sourcecode.c.objc; path = ProfileViewController.m; sourceTree = "<group>"; };
		465B4B211DAADD5000E65AF9 /* LoginViewController.h */ = {isa = PBXFileReference; fileEncoding = 4; lastKnownFileType = sourcecode.c.h; path = LoginViewController.h; sourceTree = "<group>"; };
		465B4B221DAADD5000E65AF9 /* LoginViewController.m */ = {isa = PBXFileReference; fileEncoding = 4; lastKnownFileType = sourcecode.c.objc; path = LoginViewController.m; sourceTree = "<group>"; };
		465B4B251DAAFE0900E65AF9 /* AuthApiUtil.h */ = {isa = PBXFileReference; fileEncoding = 4; lastKnownFileType = sourcecode.c.h; path = AuthApiUtil.h; sourceTree = "<group>"; };
		465B4B261DAAFE0900E65AF9 /* AuthApiUtil.m */ = {isa = PBXFileReference; fileEncoding = 4; lastKnownFileType = sourcecode.c.objc; path = AuthApiUtil.m; sourceTree = "<group>"; };
		465B4B281DAB028200E65AF9 /* ApiUtil.h */ = {isa = PBXFileReference; fileEncoding = 4; lastKnownFileType = sourcecode.c.h; path = ApiUtil.h; sourceTree = "<group>"; };
		465B4B291DAB028200E65AF9 /* ApiUtil.m */ = {isa = PBXFileReference; fileEncoding = 4; lastKnownFileType = sourcecode.c.objc; path = ApiUtil.m; sourceTree = "<group>"; };
		465B4B2E1DAB232200E65AF9 /* QuoteItViewController.h */ = {isa = PBXFileReference; fileEncoding = 4; lastKnownFileType = sourcecode.c.h; path = QuoteItViewController.h; sourceTree = "<group>"; };
		465B4B2F1DAB232200E65AF9 /* QuoteItViewController.m */ = {isa = PBXFileReference; fileEncoding = 4; lastKnownFileType = sourcecode.c.objc; path = QuoteItViewController.m; sourceTree = "<group>"; };
		465B4B321DAB27F700E65AF9 /* FeedViewController.h */ = {isa = PBXFileReference; fileEncoding = 4; lastKnownFileType = sourcecode.c.h; path = FeedViewController.h; sourceTree = "<group>"; };
		465B4B331DAB27F700E65AF9 /* FeedViewController.m */ = {isa = PBXFileReference; fileEncoding = 4; lastKnownFileType = sourcecode.c.objc; path = FeedViewController.m; sourceTree = "<group>"; };
		465B4B361DAB29CF00E65AF9 /* MyTabsController.h */ = {isa = PBXFileReference; fileEncoding = 4; lastKnownFileType = sourcecode.c.h; path = MyTabsController.h; sourceTree = "<group>"; };
		465B4B371DAB29CF00E65AF9 /* MyTabsController.m */ = {isa = PBXFileReference; fileEncoding = 4; lastKnownFileType = sourcecode.c.objc; path = MyTabsController.m; sourceTree = "<group>"; };
		465B4B3B1DAB344B00E65AF9 /* AboveKeyBoardView.h */ = {isa = PBXFileReference; fileEncoding = 4; lastKnownFileType = sourcecode.c.h; path = AboveKeyBoardView.h; sourceTree = "<group>"; };
		465B4B3C1DAB344B00E65AF9 /* AboveKeyBoardView.m */ = {isa = PBXFileReference; fileEncoding = 4; lastKnownFileType = sourcecode.c.objc; path = AboveKeyBoardView.m; sourceTree = "<group>"; };
		465B4B3F1DAB3C8700E65AF9 /* QuoteItDetailViewController.h */ = {isa = PBXFileReference; fileEncoding = 4; lastKnownFileType = sourcecode.c.h; path = QuoteItDetailViewController.h; sourceTree = "<group>"; };
		465B4B401DAB3C8700E65AF9 /* QuoteItDetailViewController.m */ = {isa = PBXFileReference; fileEncoding = 4; lastKnownFileType = sourcecode.c.objc; path = QuoteItDetailViewController.m; sourceTree = "<group>"; };
		46658A561DA9E3260043F2DC /* Quotes.app */ = {isa = PBXFileReference; explicitFileType = wrapper.application; includeInIndex = 0; path = Quotes.app; sourceTree = BUILT_PRODUCTS_DIR; };
		46658A5A1DA9E3260043F2DC /* main.m */ = {isa = PBXFileReference; lastKnownFileType = sourcecode.c.objc; path = main.m; sourceTree = "<group>"; };
		46658A5C1DA9E3260043F2DC /* AppDelegate.h */ = {isa = PBXFileReference; lastKnownFileType = sourcecode.c.h; path = AppDelegate.h; sourceTree = "<group>"; };
		46658A5D1DA9E3260043F2DC /* AppDelegate.m */ = {isa = PBXFileReference; lastKnownFileType = sourcecode.c.objc; path = AppDelegate.m; sourceTree = "<group>"; };
		46658A651DA9E3260043F2DC /* Assets.xcassets */ = {isa = PBXFileReference; lastKnownFileType = folder.assetcatalog; path = Assets.xcassets; sourceTree = "<group>"; };
		46658A681DA9E3260043F2DC /* Base */ = {isa = PBXFileReference; lastKnownFileType = file.storyboard; name = Base; path = Base.lproj/LaunchScreen.storyboard; sourceTree = "<group>"; };
		46658A6A1DA9E3260043F2DC /* Info.plist */ = {isa = PBXFileReference; lastKnownFileType = text.plist.xml; path = Info.plist; sourceTree = "<group>"; };
		46658A701DA9E7430043F2DC /* ContactBook.h */ = {isa = PBXFileReference; fileEncoding = 4; lastKnownFileType = sourcecode.c.h; path = ContactBook.h; sourceTree = "<group>"; };
		46658A711DA9E7430043F2DC /* ContactBook.m */ = {isa = PBXFileReference; fileEncoding = 4; lastKnownFileType = sourcecode.c.objc; path = ContactBook.m; sourceTree = "<group>"; };
		46A4B37C1DACBA5300109926 /* Contact.h */ = {isa = PBXFileReference; fileEncoding = 4; lastKnownFileType = sourcecode.c.h; path = Contact.h; sourceTree = "<group>"; };
		46A4B37D1DACBA5300109926 /* Contact.m */ = {isa = PBXFileReference; fileEncoding = 4; lastKnownFileType = sourcecode.c.objc; path = Contact.m; sourceTree = "<group>"; };
		46A4B37F1DACBADE00109926 /* constants.h */ = {isa = PBXFileReference; lastKnownFileType = sourcecode.c.h; path = constants.h; sourceTree = "<group>"; };
		46A4B3811DACCE8700109926 /* SearchButton.h */ = {isa = PBXFileReference; fileEncoding = 4; lastKnownFileType = sourcecode.c.h; path = SearchButton.h; sourceTree = "<group>"; };
		46A4B3821DACCE8700109926 /* SearchButton.m */ = {isa = PBXFileReference; fileEncoding = 4; lastKnownFileType = sourcecode.c.objc; path = SearchButton.m; sourceTree = "<group>"; };
		46A4B3871DADAD4100109926 /* QuotesApiUtil.h */ = {isa = PBXFileReference; fileEncoding = 4; lastKnownFileType = sourcecode.c.h; path = QuotesApiUtil.h; sourceTree = "<group>"; };
		46A4B3881DADAD4100109926 /* QuotesApiUtil.m */ = {isa = PBXFileReference; fileEncoding = 4; lastKnownFileType = sourcecode.c.objc; path = QuotesApiUtil.m; sourceTree = "<group>"; };
		46A4B38C1DAEF99B00109926 /* Quote.h */ = {isa = PBXFileReference; fileEncoding = 4; lastKnownFileType = sourcecode.c.h; path = Quote.h; sourceTree = "<group>"; };
		46A4B38D1DAEF99B00109926 /* Quote.m */ = {isa = PBXFileReference; fileEncoding = 4; lastKnownFileType = sourcecode.c.objc; path = Quote.m; sourceTree = "<group>"; };
		46A4B3941DAF092000109926 /* QuoteTableViewCell.h */ = {isa = PBXFileReference; fileEncoding = 4; lastKnownFileType = sourcecode.c.h; path = QuoteTableViewCell.h; sourceTree = "<group>"; };
		46A4B3951DAF092000109926 /* QuoteTableViewCell.m */ = {isa = PBXFileReference; fileEncoding = 4; lastKnownFileType = sourcecode.c.objc; path = QuoteTableViewCell.m; sourceTree = "<group>"; };
		46A4B3961DAF092000109926 /* QuoteTableViewCell.xib */ = {isa = PBXFileReference; fileEncoding = 4; lastKnownFileType = file.xib; path = QuoteTableViewCell.xib; sourceTree = "<group>"; };
		46A4B39D1DB06D4200109926 /* SearchView.h */ = {isa = PBXFileReference; fileEncoding = 4; lastKnownFileType = sourcecode.c.h; path = SearchView.h; sourceTree = "<group>"; };
		46A4B39E1DB06D4200109926 /* SearchView.m */ = {isa = PBXFileReference; fileEncoding = 4; lastKnownFileType = sourcecode.c.objc; path = SearchView.m; sourceTree = "<group>"; };
		46AD348C1DAB6B0700D3EA61 /* QTSButton.h */ = {isa = PBXFileReference; fileEncoding = 4; lastKnownFileType = sourcecode.c.h; path = QTSButton.h; sourceTree = "<group>"; };
		46AD348D1DAB6B0700D3EA61 /* QTSButton.m */ = {isa = PBXFileReference; fileEncoding = 4; lastKnownFileType = sourcecode.c.objc; path = QTSButton.m; sourceTree = "<group>"; };
		46AD348F1DAB6C7200D3EA61 /* QTSTextField.h */ = {isa = PBXFileReference; fileEncoding = 4; lastKnownFileType = sourcecode.c.h; path = QTSTextField.h; sourceTree = "<group>"; };
		46AD34901DAB6C7200D3EA61 /* QTSTextField.m */ = {isa = PBXFileReference; fileEncoding = 4; lastKnownFileType = sourcecode.c.objc; path = QTSTextField.m; sourceTree = "<group>"; };
		46AD34921DAB7C6E00D3EA61 /* QuoteView.h */ = {isa = PBXFileReference; fileEncoding = 4; lastKnownFileType = sourcecode.c.h; path = QuoteView.h; sourceTree = "<group>"; };
		46AD34931DAB7C6E00D3EA61 /* QuoteView.m */ = {isa = PBXFileReference; fileEncoding = 4; lastKnownFileType = sourcecode.c.objc; path = QuoteView.m; sourceTree = "<group>"; };
/* End PBXFileReference section */

/* Begin PBXFrameworksBuildPhase section */
		46658A531DA9E3260043F2DC /* Frameworks */ = {
			isa = PBXFrameworksBuildPhase;
			buildActionMask = 2147483647;
			files = (
			);
			runOnlyForDeploymentPostprocessing = 0;
		};
/* End PBXFrameworksBuildPhase section */

/* Begin PBXGroup section */
		465B4B001DAAB15400E65AF9 /* login */ = {
			isa = PBXGroup;
			children = (
				465B4B211DAADD5000E65AF9 /* LoginViewController.h */,
				465B4B221DAADD5000E65AF9 /* LoginViewController.m */,
			);
			name = login;
			sourceTree = "<group>";
		};
		465B4B011DAAB16F00E65AF9 /* register */ = {
			isa = PBXGroup;
			children = (
				465B4B021DAAB18D00E65AF9 /* RegisterViewController.h */,
				465B4B031DAAB18D00E65AF9 /* RegisterViewController.m */,
			);
			name = register;
			sourceTree = "<group>";
		};
		465B4B051DAAB6E300E65AF9 /* vendor */ = {
			isa = PBXGroup;
			children = (
				465B4B1A1DAAC7BE00E65AF9 /* A0SimpleKeychain.h */,
				465B4B1B1DAAC7BE00E65AF9 /* A0SimpleKeychain.m */,
			);
			name = vendor;
			sourceTree = "<group>";
		};
		465B4B1D1DAADBD900E65AF9 /* profile */ = {
			isa = PBXGroup;
			children = (
				465B4B1E1DAADBF200E65AF9 /* ProfileViewController.h */,
				465B4B1F1DAADBF200E65AF9 /* ProfileViewController.m */,
			);
			name = profile;
			sourceTree = "<group>";
		};
		465B4B241DAAFDEF00E65AF9 /* api */ = {
			isa = PBXGroup;
			children = (
				465B4B251DAAFE0900E65AF9 /* AuthApiUtil.h */,
				465B4B261DAAFE0900E65AF9 /* AuthApiUtil.m */,
				465B4B281DAB028200E65AF9 /* ApiUtil.h */,
				465B4B291DAB028200E65AF9 /* ApiUtil.m */,
				46A4B3871DADAD4100109926 /* QuotesApiUtil.h */,
				46A4B3881DADAD4100109926 /* QuotesApiUtil.m */,
			);
			name = api;
			sourceTree = "<group>";
		};
		465B4B2C1DAB22A300E65AF9 /* components */ = {
			isa = PBXGroup;
			children = (
				465B4B3E1DAB3C2C00E65AF9 /* quoteItDetail */,
				465B4B351DAB28F500E65AF9 /* tabs */,
				465B4B311DAB27EA00E65AF9 /* feed */,
				465B4B2D1DAB22F000E65AF9 /* quoteIt */,
				465B4B001DAAB15400E65AF9 /* login */,
				465B4B011DAAB16F00E65AF9 /* register */,
				465B4B1D1DAADBD900E65AF9 /* profile */,
			);
			name = components;
			sourceTree = "<group>";
		};
		465B4B2D1DAB22F000E65AF9 /* quoteIt */ = {
			isa = PBXGroup;
			children = (
				465B4B3A1DAB343300E65AF9 /* views */,
				465B4B2E1DAB232200E65AF9 /* QuoteItViewController.h */,
				465B4B2F1DAB232200E65AF9 /* QuoteItViewController.m */,
			);
			name = quoteIt;
			sourceTree = "<group>";
		};
		465B4B311DAB27EA00E65AF9 /* feed */ = {
			isa = PBXGroup;
			children = (
				46A4B3801DACCE6F00109926 /* views */,
				465B4B321DAB27F700E65AF9 /* FeedViewController.h */,
				465B4B331DAB27F700E65AF9 /* FeedViewController.m */,
			);
			name = feed;
			sourceTree = "<group>";
		};
		465B4B351DAB28F500E65AF9 /* tabs */ = {
			isa = PBXGroup;
			children = (
				465B4B361DAB29CF00E65AF9 /* MyTabsController.h */,
				465B4B371DAB29CF00E65AF9 /* MyTabsController.m */,
			);
			name = tabs;
			sourceTree = "<group>";
		};
		465B4B3A1DAB343300E65AF9 /* views */ = {
			isa = PBXGroup;
			children = (
				465B4B3B1DAB344B00E65AF9 /* AboveKeyBoardView.h */,
				465B4B3C1DAB344B00E65AF9 /* AboveKeyBoardView.m */,
			);
			name = views;
			sourceTree = "<group>";
		};
		465B4B3E1DAB3C2C00E65AF9 /* quoteItDetail */ = {
			isa = PBXGroup;
			children = (
				46A4B3791DACBA0300109926 /* views */,
				465B4B3F1DAB3C8700E65AF9 /* QuoteItDetailViewController.h */,
				465B4B401DAB3C8700E65AF9 /* QuoteItDetailViewController.m */,
			);
			name = quoteItDetail;
			sourceTree = "<group>";
		};
		46658A4D1DA9E3260043F2DC = {
			isa = PBXGroup;
			children = (
				46658A581DA9E3260043F2DC /* Quotes */,
				46658A571DA9E3260043F2DC /* Products */,
			);
			sourceTree = "<group>";
		};
		46658A571DA9E3260043F2DC /* Products */ = {
			isa = PBXGroup;
			children = (
				46658A561DA9E3260043F2DC /* Quotes.app */,
			);
			name = Products;
			sourceTree = "<group>";
		};
		46658A581DA9E3260043F2DC /* Quotes */ = {
			isa = PBXGroup;
			children = (
				46AD348A1DAB6AB200D3EA61 /* shared */,
				465B4B2C1DAB22A300E65AF9 /* components */,
				465B4B241DAAFDEF00E65AF9 /* api */,
				465B4B051DAAB6E300E65AF9 /* vendor */,
				46658A5C1DA9E3260043F2DC /* AppDelegate.h */,
				46658A5D1DA9E3260043F2DC /* AppDelegate.m */,
				46A4B37F1DACBADE00109926 /* constants.h */,
				465B4AF91DAA1D6900E65AF9 /* Main.storyboard */,
				46658A651DA9E3260043F2DC /* Assets.xcassets */,
				46658A671DA9E3260043F2DC /* LaunchScreen.storyboard */,
				46658A6A1DA9E3260043F2DC /* Info.plist */,
				46658A591DA9E3260043F2DC /* Supporting Files */,
			);
			path = Quotes;
			sourceTree = "<group>";
		};
		46658A591DA9E3260043F2DC /* Supporting Files */ = {
			isa = PBXGroup;
			children = (
				46658A5A1DA9E3260043F2DC /* main.m */,
			);
			name = "Supporting Files";
			sourceTree = "<group>";
		};
		46A4B3791DACBA0300109926 /* views */ = {
			isa = PBXGroup;
			children = (
				465B4AFC1DAAA5CD00E65AF9 /* ContactListTextField.h */,
				465B4AFD1DAAA5CD00E65AF9 /* ContactListTextField.m */,
			);
			name = views;
			sourceTree = "<group>";
		};
		46A4B37A1DACBA0F00109926 /* models */ = {
			isa = PBXGroup;
			children = (
				46A4B37C1DACBA5300109926 /* Contact.h */,
				46A4B37D1DACBA5300109926 /* Contact.m */,
				46A4B38C1DAEF99B00109926 /* Quote.h */,
				46A4B38D1DAEF99B00109926 /* Quote.m */,
			);
			name = models;
			sourceTree = "<group>";
		};
		46A4B37B1DACBA1400109926 /* util */ = {
			isa = PBXGroup;
			children = (
				46658A701DA9E7430043F2DC /* ContactBook.h */,
				46658A711DA9E7430043F2DC /* ContactBook.m */,
			);
			name = util;
			sourceTree = "<group>";
		};
		46A4B3801DACCE6F00109926 /* views */ = {
			isa = PBXGroup;
			children = (
				46A4B3811DACCE8700109926 /* SearchButton.h */,
				46A4B3821DACCE8700109926 /* SearchButton.m */,
				46A4B39D1DB06D4200109926 /* SearchView.h */,
				46A4B39E1DB06D4200109926 /* SearchView.m */,
			);
			name = views;
			sourceTree = "<group>";
		};
		46AD348A1DAB6AB200D3EA61 /* shared */ = {
			isa = PBXGroup;
			children = (
				46A4B37B1DACBA1400109926 /* util */,
				46A4B37A1DACBA0F00109926 /* models */,
				46AD348B1DAB6AC400D3EA61 /* views */,
			);
			name = shared;
			sourceTree = "<group>";
		};
		46AD348B1DAB6AC400D3EA61 /* views */ = {
			isa = PBXGroup;
			children = (
				46AD348C1DAB6B0700D3EA61 /* QTSButton.h */,
				46AD348D1DAB6B0700D3EA61 /* QTSButton.m */,
				46AD348F1DAB6C7200D3EA61 /* QTSTextField.h */,
				46AD34901DAB6C7200D3EA61 /* QTSTextField.m */,
				46AD34921DAB7C6E00D3EA61 /* QuoteView.h */,
				46AD34931DAB7C6E00D3EA61 /* QuoteView.m */,
				46A4B3941DAF092000109926 /* QuoteTableViewCell.h */,
				46A4B3951DAF092000109926 /* QuoteTableViewCell.m */,
				46A4B3961DAF092000109926 /* QuoteTableViewCell.xib */,
			);
			name = views;
			sourceTree = "<group>";
		};
/* End PBXGroup section */

/* Begin PBXNativeTarget section */
		46658A551DA9E3260043F2DC /* Quotes */ = {
			isa = PBXNativeTarget;
			buildConfigurationList = 46658A6D1DA9E3260043F2DC /* Build configuration list for PBXNativeTarget "Quotes" */;
			buildPhases = (
				46658A521DA9E3260043F2DC /* Sources */,
				46658A531DA9E3260043F2DC /* Frameworks */,
				46658A541DA9E3260043F2DC /* Resources */,
			);
			buildRules = (
			);
			dependencies = (
			);
			name = Quotes;
			productName = Quotes;
			productReference = 46658A561DA9E3260043F2DC /* Quotes.app */;
			productType = "com.apple.product-type.application";
		};
/* End PBXNativeTarget section */

/* Begin PBXProject section */
		46658A4E1DA9E3260043F2DC /* Project object */ = {
			isa = PBXProject;
			attributes = {
				LastUpgradeCheck = 0800;
				ORGANIZATIONNAME = "Wil Pirino";
				TargetAttributes = {
					46658A551DA9E3260043F2DC = {
						CreatedOnToolsVersion = 8.0;
						DevelopmentTeam = QG82K9N32Q;
						ProvisioningStyle = Automatic;
					};
				};
			};
			buildConfigurationList = 46658A511DA9E3260043F2DC /* Build configuration list for PBXProject "Quotes" */;
			compatibilityVersion = "Xcode 3.2";
			developmentRegion = English;
			hasScannedForEncodings = 0;
			knownRegions = (
				en,
				Base,
			);
			mainGroup = 46658A4D1DA9E3260043F2DC;
			productRefGroup = 46658A571DA9E3260043F2DC /* Products */;
			projectDirPath = "";
			projectRoot = "";
			targets = (
				46658A551DA9E3260043F2DC /* Quotes */,
			);
		};
/* End PBXProject section */

/* Begin PBXResourcesBuildPhase section */
		46658A541DA9E3260043F2DC /* Resources */ = {
			isa = PBXResourcesBuildPhase;
			buildActionMask = 2147483647;
			files = (
				465B4AFA1DAA1D6900E65AF9 /* Main.storyboard in Resources */,
				46658A691DA9E3260043F2DC /* LaunchScreen.storyboard in Resources */,
				46658A661DA9E3260043F2DC /* Assets.xcassets in Resources */,
				46A4B3981DAF092000109926 /* QuoteTableViewCell.xib in Resources */,
			);
			runOnlyForDeploymentPostprocessing = 0;
		};
/* End PBXResourcesBuildPhase section */

/* Begin PBXSourcesBuildPhase section */
		46658A521DA9E3260043F2DC /* Sources */ = {
			isa = PBXSourcesBuildPhase;
			buildActionMask = 2147483647;
			files = (
				46A4B39F1DB06D4200109926 /* SearchView.m in Sources */,
				465B4B411DAB3C8700E65AF9 /* QuoteItDetailViewController.m in Sources */,
				46AD34941DAB7C6E00D3EA61 /* QuoteView.m in Sources */,
				465B4B301DAB232200E65AF9 /* QuoteItViewController.m in Sources */,
				465B4B341DAB27F700E65AF9 /* FeedViewController.m in Sources */,
				465B4B041DAAB18D00E65AF9 /* RegisterViewController.m in Sources */,
				465B4B201DAADBF200E65AF9 /* ProfileViewController.m in Sources */,
				46658A721DA9E7430043F2DC /* ContactBook.m in Sources */,
				46658A5E1DA9E3260043F2DC /* AppDelegate.m in Sources */,
				465B4B2A1DAB028200E65AF9 /* ApiUtil.m in Sources */,
				465B4B231DAADD5000E65AF9 /* LoginViewController.m in Sources */,
				465B4B271DAAFE0900E65AF9 /* AuthApiUtil.m in Sources */,
				46A4B3831DACCE8700109926 /* SearchButton.m in Sources */,
				46A4B37E1DACBA5300109926 /* Contact.m in Sources */,
				46A4B38E1DAEF99B00109926 /* Quote.m in Sources */,
				46AD34911DAB6C7200D3EA61 /* QTSTextField.m in Sources */,
				46A4B3971DAF092000109926 /* QuoteTableViewCell.m in Sources */,
				46AD348E1DAB6B0700D3EA61 /* QTSButton.m in Sources */,
				465B4B1C1DAAC7BE00E65AF9 /* A0SimpleKeychain.m in Sources */,
				465B4B381DAB29CF00E65AF9 /* MyTabsController.m in Sources */,
				46658A5B1DA9E3260043F2DC /* main.m in Sources */,
				46A4B3891DADAD4100109926 /* QuotesApiUtil.m in Sources */,
				465B4AFE1DAAA5CD00E65AF9 /* ContactListTextField.m in Sources */,
				465B4B3D1DAB344B00E65AF9 /* AboveKeyBoardView.m in Sources */,
			);
			runOnlyForDeploymentPostprocessing = 0;
		};
/* End PBXSourcesBuildPhase section */

/* Begin PBXVariantGroup section */
		46658A671DA9E3260043F2DC /* LaunchScreen.storyboard */ = {
			isa = PBXVariantGroup;
			children = (
				46658A681DA9E3260043F2DC /* Base */,
			);
			name = LaunchScreen.storyboard;
			sourceTree = "<group>";
		};
/* End PBXVariantGroup section */

/* Begin XCBuildConfiguration section */
		46658A6B1DA9E3260043F2DC /* Debug */ = {
			isa = XCBuildConfiguration;
			buildSettings = {
				ALWAYS_SEARCH_USER_PATHS = NO;
				CLANG_ANALYZER_NONNULL = YES;
				CLANG_CXX_LANGUAGE_STANDARD = "gnu++0x";
				CLANG_CXX_LIBRARY = "libc++";
				CLANG_ENABLE_MODULES = YES;
				CLANG_ENABLE_OBJC_ARC = YES;
				CLANG_WARN_BOOL_CONVERSION = YES;
				CLANG_WARN_CONSTANT_CONVERSION = YES;
				CLANG_WARN_DIRECT_OBJC_ISA_USAGE = YES_ERROR;
				CLANG_WARN_DOCUMENTATION_COMMENTS = YES;
				CLANG_WARN_EMPTY_BODY = YES;
				CLANG_WARN_ENUM_CONVERSION = YES;
				CLANG_WARN_INFINITE_RECURSION = YES;
				CLANG_WARN_INT_CONVERSION = YES;
				CLANG_WARN_OBJC_ROOT_CLASS = YES_ERROR;
				CLANG_WARN_SUSPICIOUS_MOVES = YES;
				CLANG_WARN_UNREACHABLE_CODE = YES;
				CLANG_WARN__DUPLICATE_METHOD_MATCH = YES;
				"CODE_SIGN_IDENTITY[sdk=iphoneos*]" = "iPhone Developer";
				COPY_PHASE_STRIP = NO;
				DEBUG_INFORMATION_FORMAT = dwarf;
				ENABLE_STRICT_OBJC_MSGSEND = YES;
				ENABLE_TESTABILITY = YES;
				GCC_C_LANGUAGE_STANDARD = gnu99;
				GCC_DYNAMIC_NO_PIC = NO;
				GCC_NO_COMMON_BLOCKS = YES;
				GCC_OPTIMIZATION_LEVEL = 0;
				GCC_PREPROCESSOR_DEFINITIONS = (
					"DEBUG=1",
					"$(inherited)",
				);
				GCC_WARN_64_TO_32_BIT_CONVERSION = YES;
				GCC_WARN_ABOUT_RETURN_TYPE = YES_ERROR;
				GCC_WARN_UNDECLARED_SELECTOR = YES;
				GCC_WARN_UNINITIALIZED_AUTOS = YES_AGGRESSIVE;
				GCC_WARN_UNUSED_FUNCTION = YES;
				GCC_WARN_UNUSED_VARIABLE = YES;
				IPHONEOS_DEPLOYMENT_TARGET = 10.0;
				MTL_ENABLE_DEBUG_INFO = YES;
				ONLY_ACTIVE_ARCH = YES;
				SDKROOT = iphoneos;
			};
			name = Debug;
		};
		46658A6C1DA9E3260043F2DC /* Release */ = {
			isa = XCBuildConfiguration;
			buildSettings = {
				ALWAYS_SEARCH_USER_PATHS = NO;
				CLANG_ANALYZER_NONNULL = YES;
				CLANG_CXX_LANGUAGE_STANDARD = "gnu++0x";
				CLANG_CXX_LIBRARY = "libc++";
				CLANG_ENABLE_MODULES = YES;
				CLANG_ENABLE_OBJC_ARC = YES;
				CLANG_WARN_BOOL_CONVERSION = YES;
				CLANG_WARN_CONSTANT_CONVERSION = YES;
				CLANG_WARN_DIRECT_OBJC_ISA_USAGE = YES_ERROR;
				CLANG_WARN_DOCUMENTATION_COMMENTS = YES;
				CLANG_WARN_EMPTY_BODY = YES;
				CLANG_WARN_ENUM_CONVERSION = YES;
				CLANG_WARN_INFINITE_RECURSION = YES;
				CLANG_WARN_INT_CONVERSION = YES;
				CLANG_WARN_OBJC_ROOT_CLASS = YES_ERROR;
				CLANG_WARN_SUSPICIOUS_MOVES = YES;
				CLANG_WARN_UNREACHABLE_CODE = YES;
				CLANG_WARN__DUPLICATE_METHOD_MATCH = YES;
				"CODE_SIGN_IDENTITY[sdk=iphoneos*]" = "iPhone Developer";
				COPY_PHASE_STRIP = NO;
				DEBUG_INFORMATION_FORMAT = "dwarf-with-dsym";
				ENABLE_NS_ASSERTIONS = NO;
				ENABLE_STRICT_OBJC_MSGSEND = YES;
				GCC_C_LANGUAGE_STANDARD = gnu99;
				GCC_NO_COMMON_BLOCKS = YES;
				GCC_WARN_64_TO_32_BIT_CONVERSION = YES;
				GCC_WARN_ABOUT_RETURN_TYPE = YES_ERROR;
				GCC_WARN_UNDECLARED_SELECTOR = YES;
				GCC_WARN_UNINITIALIZED_AUTOS = YES_AGGRESSIVE;
				GCC_WARN_UNUSED_FUNCTION = YES;
				GCC_WARN_UNUSED_VARIABLE = YES;
				IPHONEOS_DEPLOYMENT_TARGET = 10.0;
				MTL_ENABLE_DEBUG_INFO = NO;
				SDKROOT = iphoneos;
				VALIDATE_PRODUCT = YES;
			};
			name = Release;
		};
		46658A6E1DA9E3260043F2DC /* Debug */ = {
			isa = XCBuildConfiguration;
			buildSettings = {
				ASSETCATALOG_COMPILER_APPICON_NAME = AppIcon;
				DEVELOPMENT_TEAM = QG82K9N32Q;
				INFOPLIST_FILE = Quotes/Info.plist;
				LD_RUNPATH_SEARCH_PATHS = "$(inherited) @executable_path/Frameworks";
				PRODUCT_BUNDLE_IDENTIFIER = wilpirino.Quotes;
				PRODUCT_NAME = "$(TARGET_NAME)";
			};
			name = Debug;
		};
		46658A6F1DA9E3260043F2DC /* Release */ = {
			isa = XCBuildConfiguration;
			buildSettings = {
				ASSETCATALOG_COMPILER_APPICON_NAME = AppIcon;
				DEVELOPMENT_TEAM = QG82K9N32Q;
				INFOPLIST_FILE = Quotes/Info.plist;
				LD_RUNPATH_SEARCH_PATHS = "$(inherited) @executable_path/Frameworks";
				PRODUCT_BUNDLE_IDENTIFIER = wilpirino.Quotes;
				PRODUCT_NAME = "$(TARGET_NAME)";
			};
			name = Release;
		};
/* End XCBuildConfiguration section */

/* Begin XCConfigurationList section */
		46658A511DA9E3260043F2DC /* Build configuration list for PBXProject "Quotes" */ = {
			isa = XCConfigurationList;
			buildConfigurations = (
				46658A6B1DA9E3260043F2DC /* Debug */,
				46658A6C1DA9E3260043F2DC /* Release */,
			);
			defaultConfigurationIsVisible = 0;
			defaultConfigurationName = Release;
		};
		46658A6D1DA9E3260043F2DC /* Build configuration list for PBXNativeTarget "Quotes" */ = {
			isa = XCConfigurationList;
			buildConfigurations = (
				46658A6E1DA9E3260043F2DC /* Debug */,
				46658A6F1DA9E3260043F2DC /* Release */,
			);
			defaultConfigurationIsVisible = 0;
			defaultConfigurationName = Release;
		};
/* End XCConfigurationList section */
	};
	rootObject = 46658A4E1DA9E3260043F2DC /* Project object */;
}
